// !$*UTF8*$!
{
	archiveVersion = 1;
	classes = {
	};
	objectVersion = 46;
	objects = {

/* Begin PBXBuildFile section */
		04D0246D1C187AB60071FB3A /* AppDelegate.swift in Sources */ = {isa = PBXBuildFile; fileRef = 04D0246C1C187AB60071FB3A /* AppDelegate.swift */; };
		04D0246F1C187AB60071FB3A /* ViewController.swift in Sources */ = {isa = PBXBuildFile; fileRef = 04D0246E1C187AB60071FB3A /* ViewController.swift */; };
		04D024741C187AB60071FB3A /* Assets.xcassets in Resources */ = {isa = PBXBuildFile; fileRef = 04D024731C187AB60071FB3A /* Assets.xcassets */; };
		04D024771C187AB60071FB3A /* LaunchScreen.storyboard in Resources */ = {isa = PBXBuildFile; fileRef = 04D024751C187AB60071FB3A /* LaunchScreen.storyboard */; };
		04D0247F1C187AD10071FB3A /* ViewController.xib in Resources */ = {isa = PBXBuildFile; fileRef = 04D0247E1C187AD10071FB3A /* ViewController.xib */; };
		04D024841C187C7E0071FB3A /* CustomSlider.swift in Sources */ = {isa = PBXBuildFile; fileRef = 04D024831C187C7E0071FB3A /* CustomSlider.swift */; };
		04D0248F1C189C310071FB3A /* slider_selector@2x.png in Resources */ = {isa = PBXBuildFile; fileRef = 04D0248C1C189C310071FB3A /* slider_selector@2x.png */; };
/* End PBXBuildFile section */

/* Begin PBXFileReference section */
		04D024691C187AB60071FB3A /* CustomStepSlider.app */ = {isa = PBXFileReference; explicitFileType = wrapper.application; includeInIndex = 0; path = CustomStepSlider.app; sourceTree = BUILT_PRODUCTS_DIR; };
		04D0246C1C187AB60071FB3A /* AppDelegate.swift */ = {isa = PBXFileReference; lastKnownFileType = sourcecode.swift; path = AppDelegate.swift; sourceTree = "<group>"; };
		04D0246E1C187AB60071FB3A /* ViewController.swift */ = {isa = PBXFileReference; lastKnownFileType = sourcecode.swift; path = ViewController.swift; sourceTree = "<group>"; };
		04D024731C187AB60071FB3A /* Assets.xcassets */ = {isa = PBXFileReference; lastKnownFileType = folder.assetcatalog; path = Assets.xcassets; sourceTree = "<group>"; };
		04D024761C187AB60071FB3A /* Base */ = {isa = PBXFileReference; lastKnownFileType = file.storyboard; name = Base; path = Base.lproj/LaunchScreen.storyboard; sourceTree = "<group>"; };
		04D024781C187AB60071FB3A /* Info.plist */ = {isa = PBXFileReference; lastKnownFileType = text.plist.xml; path = Info.plist; sourceTree = "<group>"; };
		04D0247E1C187AD10071FB3A /* ViewController.xib */ = {isa = PBXFileReference; fileEncoding = 4; lastKnownFileType = file.xib; path = ViewController.xib; sourceTree = "<group>"; };
		04D024831C187C7E0071FB3A /* CustomSlider.swift */ = {isa = PBXFileReference; fileEncoding = 4; lastKnownFileType = sourcecode.swift; path = CustomSlider.swift; sourceTree = "<group>"; };
		04D0248C1C189C310071FB3A /* slider_selector@2x.png */ = {isa = PBXFileReference; lastKnownFileType = image.png; path = "slider_selector@2x.png"; sourceTree = "<group>"; };
/* End PBXFileReference section */

/* Begin PBXFrameworksBuildPhase section */
		04D024661C187AB60071FB3A /* Frameworks */ = {
			isa = PBXFrameworksBuildPhase;
			buildActionMask = 2147483647;
			files = (
			);
			runOnlyForDeploymentPostprocessing = 0;
		};
/* End PBXFrameworksBuildPhase section */

/* Begin PBXGroup section */
		04D024601C187AB60071FB3A = {
			isa = PBXGroup;
			children = (
				04D0246B1C187AB60071FB3A /* CustomStepSlider */,
				04D0246A1C187AB60071FB3A /* Products */,
			);
			sourceTree = "<group>";
		};
		04D0246A1C187AB60071FB3A /* Products */ = {
			isa = PBXGroup;
			children = (
				04D024691C187AB60071FB3A /* CustomStepSlider.app */,
			);
			name = Products;
			sourceTree = "<group>";
		};
		04D0246B1C187AB60071FB3A /* CustomStepSlider */ = {
			isa = PBXGroup;
			children = (
				04D0246C1C187AB60071FB3A /* AppDelegate.swift */,
				04D0246E1C187AB60071FB3A /* ViewController.swift */,
				04D0247E1C187AD10071FB3A /* ViewController.xib */,
				04D024821C187C7E0071FB3A /* Slider */,
				04D024731C187AB60071FB3A /* Assets.xcassets */,
				04D024751C187AB60071FB3A /* LaunchScreen.storyboard */,
				04D024891C189C310071FB3A /* images */,
				04D024781C187AB60071FB3A /* Info.plist */,
			);
			path = CustomStepSlider;
			sourceTree = "<group>";
		};
		04D024821C187C7E0071FB3A /* Slider */ = {
			isa = PBXGroup;
			children = (
				04D024831C187C7E0071FB3A /* CustomSlider.swift */,
			);
			path = Slider;
			sourceTree = "<group>";
		};
		04D024891C189C310071FB3A /* images */ = {
			isa = PBXGroup;
			children = (
				04D0248C1C189C310071FB3A /* slider_selector@2x.png */,
			);
			path = images;
			sourceTree = "<group>";
		};
/* End PBXGroup section */

/* Begin PBXNativeTarget section */
		04D024681C187AB60071FB3A /* CustomStepSlider */ = {
			isa = PBXNativeTarget;
			buildConfigurationList = 04D0247B1C187AB60071FB3A /* Build configuration list for PBXNativeTarget "CustomStepSlider" */;
			buildPhases = (
				04D024651C187AB60071FB3A /* Sources */,
				04D024661C187AB60071FB3A /* Frameworks */,
				04D024671C187AB60071FB3A /* Resources */,
			);
			buildRules = (
			);
			dependencies = (
			);
			name = CustomStepSlider;
			productName = CustomStepSlider;
			productReference = 04D024691C187AB60071FB3A /* CustomStepSlider.app */;
			productType = "com.apple.product-type.application";
		};
/* End PBXNativeTarget section */

/* Begin PBXProject section */
		04D024611C187AB60071FB3A /* Project object */ = {
			isa = PBXProject;
			attributes = {
				LastSwiftUpdateCheck = 0710;
				LastUpgradeCheck = 0710;
				ORGANIZATIONNAME = Usue;
				TargetAttributes = {
					04D024681C187AB60071FB3A = {
						CreatedOnToolsVersion = 7.1;
					};
				};
			};
			buildConfigurationList = 04D024641C187AB60071FB3A /* Build configuration list for PBXProject "CustomStepSlider" */;
			compatibilityVersion = "Xcode 3.2";
			developmentRegion = English;
			hasScannedForEncodings = 0;
			knownRegions = (
				en,
				Base,
			);
			mainGroup = 04D024601C187AB60071FB3A;
			productRefGroup = 04D0246A1C187AB60071FB3A /* Products */;
			projectDirPath = "";
			projectRoot = "";
			targets = (
				04D024681C187AB60071FB3A /* CustomStepSlider */,
			);
		};
/* End PBXProject section */

/* Begin PBXResourcesBuildPhase section */
		04D024671C187AB60071FB3A /* Resources */ = {
			isa = PBXResourcesBuildPhase;
			buildActionMask = 2147483647;
			files = (
				04D0248F1C189C310071FB3A /* slider_selector@2x.png in Resources */,
				04D024771C187AB60071FB3A /* LaunchScreen.storyboard in Resources */,
				04D0247F1C187AD10071FB3A /* ViewController.xib in Resources */,
				04D024741C187AB60071FB3A /* Assets.xcassets in Resources */,
			);
			runOnlyForDeploymentPostprocessing = 0;
		};
/* End PBXResourcesBuildPhase section */

/* Begin PBXSourcesBuildPhase section */
		04D024651C187AB60071FB3A /* Sources */ = {
			isa = PBXSourcesBuildPhase;
			buildActionMask = 2147483647;
			files = (
				04D0246F1C187AB60071FB3A /* ViewController.swift in Sources */,
				04D0246D1C187AB60071FB3A /* AppDelegate.swift in Sources */,
				04D024841C187C7E0071FB3A /* CustomSlider.swift in Sources */,
			);
			runOnlyForDeploymentPostprocessing = 0;
		};
/* End PBXSourcesBuildPhase section */

/* Begin PBXVariantGroup section */
		04D024751C187AB60071FB3A /* LaunchScreen.storyboard */ = {
			isa = PBXVariantGroup;
			children = (
				04D024761C187AB60071FB3A /* Base */,
			);
			name = LaunchScreen.storyboard;
			sourceTree = "<group>";
		};
/* End PBXVariantGroup section */

/* Begin XCBuildConfiguration section */
		04D024791C187AB60071FB3A /* Debug */ = {
			isa = XCBuildConfiguration;
			buildSettings = {
				ALWAYS_SEARCH_USER_PATHS = NO;
				CLANG_CXX_LANGUAGE_STANDARD = "gnu++0x";
				CLANG_CXX_LIBRARY = "libc++";
				CLANG_ENABLE_MODULES = YES;
				CLANG_ENABLE_OBJC_ARC = YES;
				CLANG_WARN_BOOL_CONVERSION = YES;
				CLANG_WARN_CONSTANT_CONVERSION = YES;
				CLANG_WARN_DIRECT_OBJC_ISA_USAGE = YES_ERROR;
				CLANG_WARN_EMPTY_BODY = YES;
				CLANG_WARN_ENUM_CONVERSION = YES;
				CLANG_WARN_INT_CONVERSION = YES;
				CLANG_WARN_OBJC_ROOT_CLASS = YES_ERROR;
				CLANG_WARN_UNREACHABLE_CODE = YES;
				CLANG_WARN__DUPLICATE_METHOD_MATCH = YES;
				"CODE_SIGN_IDENTITY[sdk=iphoneos*]" = "iPhone Developer";
				COPY_PHASE_STRIP = NO;
				DEBUG_INFORMATION_FORMAT = dwarf;
				ENABLE_STRICT_OBJC_MSGSEND = YES;
				ENABLE_TESTABILITY = YES;
				GCC_C_LANGUAGE_STANDARD = gnu99;
				GCC_DYNAMIC_NO_PIC = NO;
				GCC_NO_COMMON_BLOCKS = YES;
				GCC_OPTIMIZATION_LEVEL = 0;
				GCC_PREPROCESSOR_DEFINITIONS = (
					"DEBUG=1",
					"$(inherited)",
				);
				GCC_WARN_64_TO_32_BIT_CONVERSION = YES;
				GCC_WARN_ABOUT_RETURN_TYPE = YES_ERROR;
				GCC_WARN_UNDECLARED_SELECTOR = YES;
				GCC_WARN_UNINITIALIZED_AUTOS = YES_AGGRESSIVE;
				GCC_WARN_UNUSED_FUNCTION = YES;
				GCC_WARN_UNUSED_VARIABLE = YES;
				IPHONEOS_DEPLOYMENT_TARGET = 9.1;
				MTL_ENABLE_DEBUG_INFO = YES;
				ONLY_ACTIVE_ARCH = YES;
				SDKROOT = iphoneos;
				SWIFT_OPTIMIZATION_LEVEL = "-Onone";
			};
			name = Debug;
		};
		04D0247A1C187AB60071FB3A /* Release */ = {
			isa = XCBuildConfiguration;
			buildSettings = {
				ALWAYS_SEARCH_USER_PATHS = NO;
				CLANG_CXX_LANGUAGE_STANDARD = "gnu++0x";
				CLANG_CXX_LIBRARY = "libc++";
				CLANG_ENABLE_MODULES = YES;
				CLANG_ENABLE_OBJC_ARC = YES;
				CLANG_WARN_BOOL_CONVERSION = YES;
				CLANG_WARN_CONSTANT_CONVERSION = YES;
				CLANG_WARN_DIRECT_OBJC_ISA_USAGE = YES_ERROR;
				CLANG_WARN_EMPTY_BODY = YES;
				CLANG_WARN_ENUM_CONVERSION = YES;
				CLANG_WARN_INT_CONVERSION = YES;
				CLANG_WARN_OBJC_ROOT_CLASS = YES_ERROR;
				CLANG_WARN_UNREACHABLE_CODE = YES;
				CLANG_WARN__DUPLICATE_METHOD_MATCH = YES;
				"CODE_SIGN_IDENTITY[sdk=iphoneos*]" = "iPhone Developer";
				COPY_PHASE_STRIP = NO;
				DEBUG_INFORMATION_FORMAT = "dwarf-with-dsym";
				ENABLE_NS_ASSERTIONS = NO;
				ENABLE_STRICT_OBJC_MSGSEND = YES;
				GCC_C_LANGUAGE_STANDARD = gnu99;
				GCC_NO_COMMON_BLOCKS = YES;
				GCC_WARN_64_TO_32_BIT_CONVERSION = YES;
				GCC_WARN_ABOUT_RETURN_TYPE = YES_ERROR;
				GCC_WARN_UNDECLARED_SELECTOR = YES;
				GCC_WARN_UNINITIALIZED_AUTOS = YES_AGGRESSIVE;
				GCC_WARN_UNUSED_FUNCTION = YES;
				GCC_WARN_UNUSED_VARIABLE = YES;
				IPHONEOS_DEPLOYMENT_TARGET = 9.1;
				MTL_ENABLE_DEBUG_INFO = NO;
				SDKROOT = iphoneos;
				VALIDATE_PRODUCT = YES;
			};
			name = Release;
		};
		04D0247C1C187AB60071FB3A /* Debug */ = {
			isa = XCBuildConfiguration;
			buildSettings = {
				ASSETCATALOG_COMPILER_APPICON_NAME = AppIcon;
				INFOPLIST_FILE = CustomStepSlider/Info.plist;
				LD_RUNPATH_SEARCH_PATHS = "$(inherited) @executable_path/Frameworks";
				PRODUCT_BUNDLE_IDENTIFIER = Usue.CustomStepSlider;
				PRODUCT_NAME = "$(TARGET_NAME)";
			};
			name = Debug;
		};
		04D0247D1C187AB60071FB3A /* Release */ = {
			isa = XCBuildConfiguration;
			buildSettings = {
				ASSETCATALOG_COMPILER_APPICON_NAME = AppIcon;
				INFOPLIST_FILE = CustomStepSlider/Info.plist;
				LD_RUNPATH_SEARCH_PATHS = "$(inherited) @executable_path/Frameworks";
				PRODUCT_BUNDLE_IDENTIFIER = Usue.CustomStepSlider;
				PRODUCT_NAME = "$(TARGET_NAME)";
			};
			name = Release;
		};
/* End XCBuildConfiguration section */

/* Begin XCConfigurationList section */
		04D024641C187AB60071FB3A /* Build configuration list for PBXProject "CustomStepSlider" */ = {
			isa = XCConfigurationList;
			buildConfigurations = (
				04D024791C187AB60071FB3A /* Debug */,
				04D0247A1C187AB60071FB3A /* Release */,
			);
			defaultConfigurationIsVisible = 0;
			defaultConfigurationName = Release;
		};
		04D0247B1C187AB60071FB3A /* Build configuration list for PBXNativeTarget "CustomStepSlider" */ = {
			isa = XCConfigurationList;
			buildConfigurations = (
				04D0247C1C187AB60071FB3A /* Debug */,
				04D0247D1C187AB60071FB3A /* Release */,
			);
			defaultConfigurationIsVisible = 0;
			defaultConfigurationName = Release;
		};
/* End XCConfigurationList section */
	};
	rootObject = 04D024611C187AB60071FB3A /* Project object */;
}
